// !$*UTF8*$!
{
	archiveVersion = 1;
	classes = {
	};
	objectVersion = 46;
	objects = {

/* Begin PBXBuildFile section */
		5F14B0821C8906C60026933D /* CircleProgressView.swift in Sources */ = {isa = PBXBuildFile; fileRef = 5F14B0811C8906C50026933D /* CircleProgressView.swift */; };
		5F4370B31C7033F8009B41F8 /* CoreLocation.framework in Frameworks */ = {isa = PBXBuildFile; fileRef = 5F4370B21C7033F8009B41F8 /* CoreLocation.framework */; };
		5F4370EF1C71AFEA009B41F8 /* Trip.swift in Sources */ = {isa = PBXBuildFile; fileRef = 5F4370EE1C71AFEA009B41F8 /* Trip.swift */; };
		5F43716D1C72F8F6009B41F8 /* MapKit.framework in Frameworks */ = {isa = PBXBuildFile; fileRef = 5F7B906F1C700B7C000E85B7 /* MapKit.framework */; };
		5F43716F1C72FFF8009B41F8 /* PostRunViewController.swift in Sources */ = {isa = PBXBuildFile; fileRef = 5F43716E1C72FFF8009B41F8 /* PostRunViewController.swift */; };
		5F4371721C753BBA009B41F8 /* Runs.xcdatamodeld in Sources */ = {isa = PBXBuildFile; fileRef = 5F4371701C753BBA009B41F8 /* Runs.xcdatamodeld */; };
		5F4371B11C755920009B41F8 /* Run.swift in Sources */ = {isa = PBXBuildFile; fileRef = 5F4371B01C755920009B41F8 /* Run.swift */; };
		5F4371B31C794A50009B41F8 /* RunsTableViewCell.swift in Sources */ = {isa = PBXBuildFile; fileRef = 5F4371B21C794A50009B41F8 /* RunsTableViewCell.swift */; };
		5F4371B51C794BB6009B41F8 /* RunsTableViewController.swift in Sources */ = {isa = PBXBuildFile; fileRef = 5F4371B41C794BB6009B41F8 /* RunsTableViewController.swift */; };
		5F7B90401C6FF248000E85B7 /* AppDelegate.swift in Sources */ = {isa = PBXBuildFile; fileRef = 5F7B903F1C6FF248000E85B7 /* AppDelegate.swift */; };
		5F7B90421C6FF248000E85B7 /* FirstViewController.swift in Sources */ = {isa = PBXBuildFile; fileRef = 5F7B90411C6FF248000E85B7 /* FirstViewController.swift */; };
		5F7B90441C6FF248000E85B7 /* SecondViewController.swift in Sources */ = {isa = PBXBuildFile; fileRef = 5F7B90431C6FF248000E85B7 /* SecondViewController.swift */; };
		5F7B90471C6FF248000E85B7 /* Main.storyboard in Resources */ = {isa = PBXBuildFile; fileRef = 5F7B90451C6FF248000E85B7 /* Main.storyboard */; };
		5F7B90491C6FF248000E85B7 /* Assets.xcassets in Resources */ = {isa = PBXBuildFile; fileRef = 5F7B90481C6FF248000E85B7 /* Assets.xcassets */; };
		5F7B904C1C6FF248000E85B7 /* LaunchScreen.storyboard in Resources */ = {isa = PBXBuildFile; fileRef = 5F7B904A1C6FF248000E85B7 /* LaunchScreen.storyboard */; };
		5F7B90571C6FF249000E85B7 /* RunnerTests.swift in Sources */ = {isa = PBXBuildFile; fileRef = 5F7B90561C6FF249000E85B7 /* RunnerTests.swift */; };
		5F7B90621C6FF249000E85B7 /* RunnerUITests.swift in Sources */ = {isa = PBXBuildFile; fileRef = 5F7B90611C6FF249000E85B7 /* RunnerUITests.swift */; };
		5FA9B2341C7D8356008EDDCF /* ORun.swift in Sources */ = {isa = PBXBuildFile; fileRef = 5FA9B2331C7D8356008EDDCF /* ORun.swift */; };
		5FA9B2361C7E3545008EDDCF /* RunMarker.swift in Sources */ = {isa = PBXBuildFile; fileRef = 5FA9B2351C7E3544008EDDCF /* RunMarker.swift */; };
		5FF472121C890B66007C098B /* CompeteViewController.swift in Sources */ = {isa = PBXBuildFile; fileRef = 5FF472111C890B66007C098B /* CompeteViewController.swift */; };
		5FF472141C8938C2007C098B /* CircleProgressInner.swift in Sources */ = {isa = PBXBuildFile; fileRef = 5FF472131C8938C2007C098B /* CircleProgressInner.swift */; };
		5FFDE87C1C8117A20033BF75 /* RunViewController.swift in Sources */ = {isa = PBXBuildFile; fileRef = 5FFDE87B1C8117A20033BF75 /* RunViewController.swift */; };
/* End PBXBuildFile section */

/* Begin PBXContainerItemProxy section */
		5F7B90531C6FF249000E85B7 /* PBXContainerItemProxy */ = {
			isa = PBXContainerItemProxy;
			containerPortal = 5F7B90341C6FF248000E85B7 /* Project object */;
			proxyType = 1;
			remoteGlobalIDString = 5F7B903B1C6FF248000E85B7;
			remoteInfo = Runner;
		};
		5F7B905E1C6FF249000E85B7 /* PBXContainerItemProxy */ = {
			isa = PBXContainerItemProxy;
			containerPortal = 5F7B90341C6FF248000E85B7 /* Project object */;
			proxyType = 1;
			remoteGlobalIDString = 5F7B903B1C6FF248000E85B7;
			remoteInfo = Runner;
		};
/* End PBXContainerItemProxy section */

/* Begin PBXFileReference section */
		5F14B0811C8906C50026933D /* CircleProgressView.swift */ = {isa = PBXFileReference; fileEncoding = 4; lastKnownFileType = sourcecode.swift; path = CircleProgressView.swift; sourceTree = "<group>"; };
		5F4370B21C7033F8009B41F8 /* CoreLocation.framework */ = {isa = PBXFileReference; lastKnownFileType = wrapper.framework; name = CoreLocation.framework; path = System/Library/Frameworks/CoreLocation.framework; sourceTree = SDKROOT; };
		5F4370EE1C71AFEA009B41F8 /* Trip.swift */ = {isa = PBXFileReference; fileEncoding = 4; lastKnownFileType = sourcecode.swift; path = Trip.swift; sourceTree = "<group>"; };
		5F43716E1C72FFF8009B41F8 /* PostRunViewController.swift */ = {isa = PBXFileReference; fileEncoding = 4; lastKnownFileType = sourcecode.swift; path = PostRunViewController.swift; sourceTree = "<group>"; };
		5F4371711C753BBA009B41F8 /* Runs.xcdatamodel */ = {isa = PBXFileReference; lastKnownFileType = wrapper.xcdatamodel; path = Runs.xcdatamodel; sourceTree = "<group>"; };
		5F4371B01C755920009B41F8 /* Run.swift */ = {isa = PBXFileReference; fileEncoding = 4; lastKnownFileType = sourcecode.swift; path = Run.swift; sourceTree = "<group>"; };
		5F4371B21C794A50009B41F8 /* RunsTableViewCell.swift */ = {isa = PBXFileReference; fileEncoding = 4; lastKnownFileType = sourcecode.swift; path = RunsTableViewCell.swift; sourceTree = "<group>"; };
		5F4371B41C794BB6009B41F8 /* RunsTableViewController.swift */ = {isa = PBXFileReference; fileEncoding = 4; lastKnownFileType = sourcecode.swift; path = RunsTableViewController.swift; sourceTree = "<group>"; };
		5F7B903C1C6FF248000E85B7 /* Runner.app */ = {isa = PBXFileReference; explicitFileType = wrapper.application; includeInIndex = 0; path = Runner.app; sourceTree = BUILT_PRODUCTS_DIR; };
		5F7B903F1C6FF248000E85B7 /* AppDelegate.swift */ = {isa = PBXFileReference; lastKnownFileType = sourcecode.swift; path = AppDelegate.swift; sourceTree = "<group>"; };
		5F7B90411C6FF248000E85B7 /* FirstViewController.swift */ = {isa = PBXFileReference; lastKnownFileType = sourcecode.swift; path = FirstViewController.swift; sourceTree = "<group>"; };
		5F7B90431C6FF248000E85B7 /* SecondViewController.swift */ = {isa = PBXFileReference; lastKnownFileType = sourcecode.swift; path = SecondViewController.swift; sourceTree = "<group>"; };
		5F7B90461C6FF248000E85B7 /* Base */ = {isa = PBXFileReference; lastKnownFileType = file.storyboard; name = Base; path = Base.lproj/Main.storyboard; sourceTree = "<group>"; };
		5F7B90481C6FF248000E85B7 /* Assets.xcassets */ = {isa = PBXFileReference; lastKnownFileType = folder.assetcatalog; path = Assets.xcassets; sourceTree = "<group>"; };
		5F7B904B1C6FF248000E85B7 /* Base */ = {isa = PBXFileReference; lastKnownFileType = file.storyboard; name = Base; path = Base.lproj/LaunchScreen.storyboard; sourceTree = "<group>"; };
		5F7B904D1C6FF248000E85B7 /* Info.plist */ = {isa = PBXFileReference; lastKnownFileType = text.plist.xml; path = Info.plist; sourceTree = "<group>"; };
		5F7B90521C6FF249000E85B7 /* RunnerTests.xctest */ = {isa = PBXFileReference; explicitFileType = wrapper.cfbundle; includeInIndex = 0; path = RunnerTests.xctest; sourceTree = BUILT_PRODUCTS_DIR; };
		5F7B90561C6FF249000E85B7 /* RunnerTests.swift */ = {isa = PBXFileReference; lastKnownFileType = sourcecode.swift; path = RunnerTests.swift; sourceTree = "<group>"; };
		5F7B90581C6FF249000E85B7 /* Info.plist */ = {isa = PBXFileReference; lastKnownFileType = text.plist.xml; path = Info.plist; sourceTree = "<group>"; };
		5F7B905D1C6FF249000E85B7 /* RunnerUITests.xctest */ = {isa = PBXFileReference; explicitFileType = wrapper.cfbundle; includeInIndex = 0; path = RunnerUITests.xctest; sourceTree = BUILT_PRODUCTS_DIR; };
		5F7B90611C6FF249000E85B7 /* RunnerUITests.swift */ = {isa = PBXFileReference; lastKnownFileType = sourcecode.swift; path = RunnerUITests.swift; sourceTree = "<group>"; };
		5F7B90631C6FF249000E85B7 /* Info.plist */ = {isa = PBXFileReference; lastKnownFileType = text.plist.xml; path = Info.plist; sourceTree = "<group>"; };
		5F7B906F1C700B7C000E85B7 /* MapKit.framework */ = {isa = PBXFileReference; lastKnownFileType = wrapper.framework; name = MapKit.framework; path = System/Library/Frameworks/MapKit.framework; sourceTree = SDKROOT; };
		5FA9B2331C7D8356008EDDCF /* ORun.swift */ = {isa = PBXFileReference; fileEncoding = 4; lastKnownFileType = sourcecode.swift; name = ORun.swift; path = ../ORun.swift; sourceTree = "<group>"; };
		5FA9B2351C7E3544008EDDCF /* RunMarker.swift */ = {isa = PBXFileReference; fileEncoding = 4; lastKnownFileType = sourcecode.swift; name = RunMarker.swift; path = ../RunMarker.swift; sourceTree = "<group>"; };
		5FF472111C890B66007C098B /* CompeteViewController.swift */ = {isa = PBXFileReference; fileEncoding = 4; lastKnownFileType = sourcecode.swift; path = CompeteViewController.swift; sourceTree = "<group>"; };
		5FF472131C8938C2007C098B /* CircleProgressInner.swift */ = {isa = PBXFileReference; fileEncoding = 4; lastKnownFileType = sourcecode.swift; path = CircleProgressInner.swift; sourceTree = "<group>"; };
		5FFDE87B1C8117A20033BF75 /* RunViewController.swift */ = {isa = PBXFileReference; fileEncoding = 4; lastKnownFileType = sourcecode.swift; path = RunViewController.swift; sourceTree = "<group>"; };
/* End PBXFileReference section */

/* Begin PBXFrameworksBuildPhase section */
		5F7B90391C6FF248000E85B7 /* Frameworks */ = {
			isa = PBXFrameworksBuildPhase;
			buildActionMask = 2147483647;
			files = (
				5F43716D1C72F8F6009B41F8 /* MapKit.framework in Frameworks */,
				5F4370B31C7033F8009B41F8 /* CoreLocation.framework in Frameworks */,
			);
			runOnlyForDeploymentPostprocessing = 0;
		};
		5F7B904F1C6FF249000E85B7 /* Frameworks */ = {
			isa = PBXFrameworksBuildPhase;
			buildActionMask = 2147483647;
			files = (
			);
			runOnlyForDeploymentPostprocessing = 0;
		};
		5F7B905A1C6FF249000E85B7 /* Frameworks */ = {
			isa = PBXFrameworksBuildPhase;
			buildActionMask = 2147483647;
			files = (
			);
			runOnlyForDeploymentPostprocessing = 0;
		};
/* End PBXFrameworksBuildPhase section */

/* Begin PBXGroup section */
		5F7B90331C6FF248000E85B7 = {
			isa = PBXGroup;
			children = (
				5F4370B21C7033F8009B41F8 /* CoreLocation.framework */,
				5F7B906F1C700B7C000E85B7 /* MapKit.framework */,
				5F7B903E1C6FF248000E85B7 /* Runner */,
				5F7B90551C6FF249000E85B7 /* RunnerTests */,
				5F7B90601C6FF249000E85B7 /* RunnerUITests */,
				5F7B903D1C6FF248000E85B7 /* Products */,
			);
			sourceTree = "<group>";
		};
		5F7B903D1C6FF248000E85B7 /* Products */ = {
			isa = PBXGroup;
			children = (
				5F7B903C1C6FF248000E85B7 /* Runner.app */,
				5F7B90521C6FF249000E85B7 /* RunnerTests.xctest */,
				5F7B905D1C6FF249000E85B7 /* RunnerUITests.xctest */,
			);
			name = Products;
			sourceTree = "<group>";
		};
		5F7B903E1C6FF248000E85B7 /* Runner */ = {
			isa = PBXGroup;
			children = (
				5FA9B2331C7D8356008EDDCF /* ORun.swift */,
				5F7B903F1C6FF248000E85B7 /* AppDelegate.swift */,
				5F4371701C753BBA009B41F8 /* Runs.xcdatamodeld */,
				5F7B90411C6FF248000E85B7 /* FirstViewController.swift */,
				5F4371B01C755920009B41F8 /* Run.swift */,
				5F7B90431C6FF248000E85B7 /* SecondViewController.swift */,
				5F7B90451C6FF248000E85B7 /* Main.storyboard */,
				5F14B0811C8906C50026933D /* CircleProgressView.swift */,
				5FF472131C8938C2007C098B /* CircleProgressInner.swift */,
				5FF472111C890B66007C098B /* CompeteViewController.swift */,
				5FFDE87B1C8117A20033BF75 /* RunViewController.swift */,
				5F4371B41C794BB6009B41F8 /* RunsTableViewController.swift */,
				5F43716E1C72FFF8009B41F8 /* PostRunViewController.swift */,
				5F4371B21C794A50009B41F8 /* RunsTableViewCell.swift */,
				5F4370EE1C71AFEA009B41F8 /* Trip.swift */,
				5FA9B2351C7E3544008EDDCF /* RunMarker.swift */,
				5F7B90481C6FF248000E85B7 /* Assets.xcassets */,
				5F7B904A1C6FF248000E85B7 /* LaunchScreen.storyboard */,
				5F7B904D1C6FF248000E85B7 /* Info.plist */,
			);
			path = Runner;
			sourceTree = "<group>";
		};
		5F7B90551C6FF249000E85B7 /* RunnerTests */ = {
			isa = PBXGroup;
			children = (
				5F7B90561C6FF249000E85B7 /* RunnerTests.swift */,
				5F7B90581C6FF249000E85B7 /* Info.plist */,
			);
			path = RunnerTests;
			sourceTree = "<group>";
		};
		5F7B90601C6FF249000E85B7 /* RunnerUITests */ = {
			isa = PBXGroup;
			children = (
				5F7B90611C6FF249000E85B7 /* RunnerUITests.swift */,
				5F7B90631C6FF249000E85B7 /* Info.plist */,
			);
			path = RunnerUITests;
			sourceTree = "<group>";
		};
/* End PBXGroup section */

/* Begin PBXNativeTarget section */
		5F7B903B1C6FF248000E85B7 /* Runner */ = {
			isa = PBXNativeTarget;
			buildConfigurationList = 5F7B90661C6FF249000E85B7 /* Build configuration list for PBXNativeTarget "Runner" */;
			buildPhases = (
				5F7B90381C6FF248000E85B7 /* Sources */,
				5F7B90391C6FF248000E85B7 /* Frameworks */,
				5F7B903A1C6FF248000E85B7 /* Resources */,
			);
			buildRules = (
			);
			dependencies = (
			);
			name = Runner;
			productName = Runner;
			productReference = 5F7B903C1C6FF248000E85B7 /* Runner.app */;
			productType = "com.apple.product-type.application";
		};
		5F7B90511C6FF249000E85B7 /* RunnerTests */ = {
			isa = PBXNativeTarget;
			buildConfigurationList = 5F7B90691C6FF249000E85B7 /* Build configuration list for PBXNativeTarget "RunnerTests" */;
			buildPhases = (
				5F7B904E1C6FF249000E85B7 /* Sources */,
				5F7B904F1C6FF249000E85B7 /* Frameworks */,
				5F7B90501C6FF249000E85B7 /* Resources */,
			);
			buildRules = (
			);
			dependencies = (
				5F7B90541C6FF249000E85B7 /* PBXTargetDependency */,
			);
			name = RunnerTests;
			productName = RunnerTests;
			productReference = 5F7B90521C6FF249000E85B7 /* RunnerTests.xctest */;
			productType = "com.apple.product-type.bundle.unit-test";
		};
		5F7B905C1C6FF249000E85B7 /* RunnerUITests */ = {
			isa = PBXNativeTarget;
			buildConfigurationList = 5F7B906C1C6FF249000E85B7 /* Build configuration list for PBXNativeTarget "RunnerUITests" */;
			buildPhases = (
				5F7B90591C6FF249000E85B7 /* Sources */,
				5F7B905A1C6FF249000E85B7 /* Frameworks */,
				5F7B905B1C6FF249000E85B7 /* Resources */,
			);
			buildRules = (
			);
			dependencies = (
				5F7B905F1C6FF249000E85B7 /* PBXTargetDependency */,
			);
			name = RunnerUITests;
			productName = RunnerUITests;
			productReference = 5F7B905D1C6FF249000E85B7 /* RunnerUITests.xctest */;
			productType = "com.apple.product-type.bundle.ui-testing";
		};
/* End PBXNativeTarget section */

/* Begin PBXProject section */
		5F7B90341C6FF248000E85B7 /* Project object */ = {
			isa = PBXProject;
			attributes = {
				LastUpgradeCheck = 0700;
				ORGANIZATIONNAME = "Jeff Chang";
				TargetAttributes = {
					5F7B903B1C6FF248000E85B7 = {
						CreatedOnToolsVersion = 7.0;
						DevelopmentTeam = Q7V5PH8THE;
					};
					5F7B90511C6FF249000E85B7 = {
						CreatedOnToolsVersion = 7.0;
						TestTargetID = 5F7B903B1C6FF248000E85B7;
					};
					5F7B905C1C6FF249000E85B7 = {
						CreatedOnToolsVersion = 7.0;
						TestTargetID = 5F7B903B1C6FF248000E85B7;
					};
				};
			};
			buildConfigurationList = 5F7B90371C6FF248000E85B7 /* Build configuration list for PBXProject "Runner" */;
			compatibilityVersion = "Xcode 3.2";
			developmentRegion = English;
			hasScannedForEncodings = 0;
			knownRegions = (
				en,
				Base,
			);
			mainGroup = 5F7B90331C6FF248000E85B7;
			productRefGroup = 5F7B903D1C6FF248000E85B7 /* Products */;
			projectDirPath = "";
			projectRoot = "";
			targets = (
				5F7B903B1C6FF248000E85B7 /* Runner */,
				5F7B90511C6FF249000E85B7 /* RunnerTests */,
				5F7B905C1C6FF249000E85B7 /* RunnerUITests */,
			);
		};
/* End PBXProject section */

/* Begin PBXResourcesBuildPhase section */
		5F7B903A1C6FF248000E85B7 /* Resources */ = {
			isa = PBXResourcesBuildPhase;
			buildActionMask = 2147483647;
			files = (
				5F7B904C1C6FF248000E85B7 /* LaunchScreen.storyboard in Resources */,
				5F7B90491C6FF248000E85B7 /* Assets.xcassets in Resources */,
				5F7B90471C6FF248000E85B7 /* Main.storyboard in Resources */,
			);
			runOnlyForDeploymentPostprocessing = 0;
		};
		5F7B90501C6FF249000E85B7 /* Resources */ = {
			isa = PBXResourcesBuildPhase;
			buildActionMask = 2147483647;
			files = (
			);
			runOnlyForDeploymentPostprocessing = 0;
		};
		5F7B905B1C6FF249000E85B7 /* Resources */ = {
			isa = PBXResourcesBuildPhase;
			buildActionMask = 2147483647;
			files = (
			);
			runOnlyForDeploymentPostprocessing = 0;
		};
/* End PBXResourcesBuildPhase section */

/* Begin PBXSourcesBuildPhase section */
		5F7B90381C6FF248000E85B7 /* Sources */ = {
			isa = PBXSourcesBuildPhase;
			buildActionMask = 2147483647;
			files = (
				5F4370EF1C71AFEA009B41F8 /* Trip.swift in Sources */,
				5F4371721C753BBA009B41F8 /* Runs.xcdatamodeld in Sources */,
				5F7B90441C6FF248000E85B7 /* SecondViewController.swift in Sources */,
				5FA9B2361C7E3545008EDDCF /* RunMarker.swift in Sources */,
				5F14B0821C8906C60026933D /* CircleProgressView.swift in Sources */,
				5F7B90401C6FF248000E85B7 /* AppDelegate.swift in Sources */,
				5F7B90421C6FF248000E85B7 /* FirstViewController.swift in Sources */,
				5F4371B31C794A50009B41F8 /* RunsTableViewCell.swift in Sources */,
				5F4371B11C755920009B41F8 /* Run.swift in Sources */,
				5F43716F1C72FFF8009B41F8 /* PostRunViewController.swift in Sources */,
				5F4371B51C794BB6009B41F8 /* RunsTableViewController.swift in Sources */,
				5FFDE87C1C8117A20033BF75 /* RunViewController.swift in Sources */,
				5FF472121C890B66007C098B /* CompeteViewController.swift in Sources */,
				5FA9B2341C7D8356008EDDCF /* ORun.swift in Sources */,
				5FF472141C8938C2007C098B /* CircleProgressInner.swift in Sources */,
			);
			runOnlyForDeploymentPostprocessing = 0;
		};
		5F7B904E1C6FF249000E85B7 /* Sources */ = {
			isa = PBXSourcesBuildPhase;
			buildActionMask = 2147483647;
			files = (
				5F7B90571C6FF249000E85B7 /* RunnerTests.swift in Sources */,
			);
			runOnlyForDeploymentPostprocessing = 0;
		};
		5F7B90591C6FF249000E85B7 /* Sources */ = {
			isa = PBXSourcesBuildPhase;
			buildActionMask = 2147483647;
			files = (
				5F7B90621C6FF249000E85B7 /* RunnerUITests.swift in Sources */,
			);
			runOnlyForDeploymentPostprocessing = 0;
		};
/* End PBXSourcesBuildPhase section */

/* Begin PBXTargetDependency section */
		5F7B90541C6FF249000E85B7 /* PBXTargetDependency */ = {
			isa = PBXTargetDependency;
			target = 5F7B903B1C6FF248000E85B7 /* Runner */;
			targetProxy = 5F7B90531C6FF249000E85B7 /* PBXContainerItemProxy */;
		};
		5F7B905F1C6FF249000E85B7 /* PBXTargetDependency */ = {
			isa = PBXTargetDependency;
			target = 5F7B903B1C6FF248000E85B7 /* Runner */;
			targetProxy = 5F7B905E1C6FF249000E85B7 /* PBXContainerItemProxy */;
		};
/* End PBXTargetDependency section */

/* Begin PBXVariantGroup section */
		5F7B90451C6FF248000E85B7 /* Main.storyboard */ = {
			isa = PBXVariantGroup;
			children = (
				5F7B90461C6FF248000E85B7 /* Base */,
			);
			name = Main.storyboard;
			sourceTree = "<group>";
		};
		5F7B904A1C6FF248000E85B7 /* LaunchScreen.storyboard */ = {
			isa = PBXVariantGroup;
			children = (
				5F7B904B1C6FF248000E85B7 /* Base */,
			);
			name = LaunchScreen.storyboard;
			sourceTree = "<group>";
		};
/* End PBXVariantGroup section */

/* Begin XCBuildConfiguration section */
		5F7B90641C6FF249000E85B7 /* Debug */ = {
			isa = XCBuildConfiguration;
			buildSettings = {
				ALWAYS_SEARCH_USER_PATHS = NO;
				CLANG_CXX_LANGUAGE_STANDARD = "gnu++0x";
				CLANG_CXX_LIBRARY = "libc++";
				CLANG_ENABLE_MODULES = YES;
				CLANG_ENABLE_OBJC_ARC = YES;
				CLANG_WARN_BOOL_CONVERSION = YES;
				CLANG_WARN_CONSTANT_CONVERSION = YES;
				CLANG_WARN_DIRECT_OBJC_ISA_USAGE = YES_ERROR;
				CLANG_WARN_EMPTY_BODY = YES;
				CLANG_WARN_ENUM_CONVERSION = YES;
				CLANG_WARN_INT_CONVERSION = YES;
				CLANG_WARN_OBJC_ROOT_CLASS = YES_ERROR;
				CLANG_WARN_UNREACHABLE_CODE = YES;
				CLANG_WARN__DUPLICATE_METHOD_MATCH = YES;
				"CODE_SIGN_IDENTITY[sdk=iphoneos*]" = "iPhone Developer";
				COPY_PHASE_STRIP = NO;
				DEBUG_INFORMATION_FORMAT = dwarf;
				ENABLE_STRICT_OBJC_MSGSEND = YES;
				ENABLE_TESTABILITY = YES;
				GCC_C_LANGUAGE_STANDARD = gnu99;
				GCC_DYNAMIC_NO_PIC = NO;
				GCC_NO_COMMON_BLOCKS = YES;
				GCC_OPTIMIZATION_LEVEL = 0;
				GCC_PREPROCESSOR_DEFINITIONS = (
					"DEBUG=1",
					"$(inherited)",
				);
				GCC_WARN_64_TO_32_BIT_CONVERSION = YES;
				GCC_WARN_ABOUT_RETURN_TYPE = YES_ERROR;
				GCC_WARN_UNDECLARED_SELECTOR = YES;
				GCC_WARN_UNINITIALIZED_AUTOS = YES_AGGRESSIVE;
				GCC_WARN_UNUSED_FUNCTION = YES;
				GCC_WARN_UNUSED_VARIABLE = YES;
				IPHONEOS_DEPLOYMENT_TARGET = 9.0;
				MTL_ENABLE_DEBUG_INFO = YES;
				ONLY_ACTIVE_ARCH = YES;
				SDKROOT = iphoneos;
				SWIFT_OPTIMIZATION_LEVEL = "-Onone";
				TARGETED_DEVICE_FAMILY = "1,2";
			};
			name = Debug;
		};
		5F7B90651C6FF249000E85B7 /* Release */ = {
			isa = XCBuildConfiguration;
			buildSettings = {
				ALWAYS_SEARCH_USER_PATHS = NO;
				CLANG_CXX_LANGUAGE_STANDARD = "gnu++0x";
				CLANG_CXX_LIBRARY = "libc++";
				CLANG_ENABLE_MODULES = YES;
				CLANG_ENABLE_OBJC_ARC = YES;
				CLANG_WARN_BOOL_CONVERSION = YES;
				CLANG_WARN_CONSTANT_CONVERSION = YES;
				CLANG_WARN_DIRECT_OBJC_ISA_USAGE = YES_ERROR;
				CLANG_WARN_EMPTY_BODY = YES;
				CLANG_WARN_ENUM_CONVERSION = YES;
				CLANG_WARN_INT_CONVERSION = YES;
				CLANG_WARN_OBJC_ROOT_CLASS = YES_ERROR;
				CLANG_WARN_UNREACHABLE_CODE = YES;
				CLANG_WARN__DUPLICATE_METHOD_MATCH = YES;
				"CODE_SIGN_IDENTITY[sdk=iphoneos*]" = "iPhone Developer";
				COPY_PHASE_STRIP = NO;
				DEBUG_INFORMATION_FORMAT = "dwarf-with-dsym";
				ENABLE_NS_ASSERTIONS = NO;
				ENABLE_STRICT_OBJC_MSGSEND = YES;
				GCC_C_LANGUAGE_STANDARD = gnu99;
				GCC_NO_COMMON_BLOCKS = YES;
				GCC_WARN_64_TO_32_BIT_CONVERSION = YES;
				GCC_WARN_ABOUT_RETURN_TYPE = YES_ERROR;
				GCC_WARN_UNDECLARED_SELECTOR = YES;
				GCC_WARN_UNINITIALIZED_AUTOS = YES_AGGRESSIVE;
				GCC_WARN_UNUSED_FUNCTION = YES;
				GCC_WARN_UNUSED_VARIABLE = YES;
				IPHONEOS_DEPLOYMENT_TARGET = 9.0;
				MTL_ENABLE_DEBUG_INFO = NO;
				SDKROOT = iphoneos;
				TARGETED_DEVICE_FAMILY = "1,2";
				VALIDATE_PRODUCT = YES;
			};
			name = Release;
		};
		5F7B90671C6FF249000E85B7 /* Debug */ = {
			isa = XCBuildConfiguration;
			buildSettings = {
				ASSETCATALOG_COMPILER_APPICON_NAME = AppIcon;
				CODE_SIGN_IDENTITY = "iPhone Developer";
				"CODE_SIGN_IDENTITY[sdk=iphoneos*]" = "iPhone Developer";
				INFOPLIST_FILE = Runner/Info.plist;
				LD_RUNPATH_SEARCH_PATHS = "$(inherited) @executable_path/Frameworks";
				PRODUCT_BUNDLE_IDENTIFIER = Chang.Runner;
				PRODUCT_NAME = "$(TARGET_NAME)";
				PROVISIONING_PROFILE = "";
			};
			name = Debug;
		};
		5F7B90681C6FF249000E85B7 /* Release */ = {
			isa = XCBuildConfiguration;
			buildSettings = {
				ASSETCATALOG_COMPILER_APPICON_NAME = AppIcon;
				CODE_SIGN_IDENTITY = "iPhone Developer";
				"CODE_SIGN_IDENTITY[sdk=iphoneos*]" = "iPhone Developer";
				INFOPLIST_FILE = Runner/Info.plist;
				LD_RUNPATH_SEARCH_PATHS = "$(inherited) @executable_path/Frameworks";
				PRODUCT_BUNDLE_IDENTIFIER = Chang.Runner;
				PRODUCT_NAME = "$(TARGET_NAME)";
				PROVISIONING_PROFILE = "";
			};
			name = Release;
		};
		5F7B906A1C6FF249000E85B7 /* Debug */ = {
			isa = XCBuildConfiguration;
			buildSettings = {
				BUNDLE_LOADER = "$(TEST_HOST)";
				INFOPLIST_FILE = RunnerTests/Info.plist;
				LD_RUNPATH_SEARCH_PATHS = "$(inherited) @executable_path/Frameworks @loader_path/Frameworks";
				PRODUCT_BUNDLE_IDENTIFIER = Chang.RunnerTests;
				PRODUCT_NAME = "$(TARGET_NAME)";
				TEST_HOST = "$(BUILT_PRODUCTS_DIR)/Runner.app/Runner";
			};
			name = Debug;
		};
		5F7B906B1C6FF249000E85B7 /* Release */ = {
			isa = XCBuildConfiguration;
			buildSettings = {
				BUNDLE_LOADER = "$(TEST_HOST)";
				INFOPLIST_FILE = RunnerTests/Info.plist;
				LD_RUNPATH_SEARCH_PATHS = "$(inherited) @executable_path/Frameworks @loader_path/Frameworks";
				PRODUCT_BUNDLE_IDENTIFIER = Chang.RunnerTests;
				PRODUCT_NAME = "$(TARGET_NAME)";
				TEST_HOST = "$(BUILT_PRODUCTS_DIR)/Runner.app/Runner";
			};
			name = Release;
		};
		5F7B906D1C6FF249000E85B7 /* Debug */ = {
			isa = XCBuildConfiguration;
			buildSettings = {
				INFOPLIST_FILE = RunnerUITests/Info.plist;
				LD_RUNPATH_SEARCH_PATHS = "$(inherited) @executable_path/Frameworks @loader_path/Frameworks";
				PRODUCT_BUNDLE_IDENTIFIER = Chang.RunnerUITests;
				PRODUCT_NAME = "$(TARGET_NAME)";
				TEST_TARGET_NAME = Runner;
				USES_XCTRUNNER = YES;
			};
			name = Debug;
		};
		5F7B906E1C6FF249000E85B7 /* Release */ = {
			isa = XCBuildConfiguration;
			buildSettings = {
				INFOPLIST_FILE = RunnerUITests/Info.plist;
				LD_RUNPATH_SEARCH_PATHS = "$(inherited) @executable_path/Frameworks @loader_path/Frameworks";
				PRODUCT_BUNDLE_IDENTIFIER = Chang.RunnerUITests;
				PRODUCT_NAME = "$(TARGET_NAME)";
				TEST_TARGET_NAME = Runner;
				USES_XCTRUNNER = YES;
			};
			name = Release;
		};
/* End XCBuildConfiguration section */

/* Begin XCConfigurationList section */
		5F7B90371C6FF248000E85B7 /* Build configuration list for PBXProject "Runner" */ = {
			isa = XCConfigurationList;
			buildConfigurations = (
				5F7B90641C6FF249000E85B7 /* Debug */,
				5F7B90651C6FF249000E85B7 /* Release */,
			);
			defaultConfigurationIsVisible = 0;
			defaultConfigurationName = Release;
		};
		5F7B90661C6FF249000E85B7 /* Build configuration list for PBXNativeTarget "Runner" */ = {
			isa = XCConfigurationList;
			buildConfigurations = (
				5F7B90671C6FF249000E85B7 /* Debug */,
				5F7B90681C6FF249000E85B7 /* Release */,
			);
			defaultConfigurationIsVisible = 0;
			defaultConfigurationName = Release;
		};
		5F7B90691C6FF249000E85B7 /* Build configuration list for PBXNativeTarget "RunnerTests" */ = {
			isa = XCConfigurationList;
			buildConfigurations = (
				5F7B906A1C6FF249000E85B7 /* Debug */,
				5F7B906B1C6FF249000E85B7 /* Release */,
			);
			defaultConfigurationIsVisible = 0;
			defaultConfigurationName = Release;
		};
		5F7B906C1C6FF249000E85B7 /* Build configuration list for PBXNativeTarget "RunnerUITests" */ = {
			isa = XCConfigurationList;
			buildConfigurations = (
				5F7B906D1C6FF249000E85B7 /* Debug */,
				5F7B906E1C6FF249000E85B7 /* Release */,
			);
			defaultConfigurationIsVisible = 0;
			defaultConfigurationName = Release;
		};
/* End XCConfigurationList section */

/* Begin XCVersionGroup section */
		5F4371701C753BBA009B41F8 /* Runs.xcdatamodeld */ = {
			isa = XCVersionGroup;
			children = (
				5F4371711C753BBA009B41F8 /* Runs.xcdatamodel */,
			);
			currentVersion = 5F4371711C753BBA009B41F8 /* Runs.xcdatamodel */;
			path = Runs.xcdatamodeld;
			sourceTree = "<group>";
			versionGroupType = wrapper.xcdatamodel;
		};
/* End XCVersionGroup section */
	};
	rootObject = 5F7B90341C6FF248000E85B7 /* Project object */;
}
